// !$*UTF8*$!
{
	archiveVersion = 1;
	classes = {
	};
	objectVersion = 51;
	objects = {

/* Begin PBXBuildFile section */
		2BDB676EB78265187A9FEA09 /* Pods_JobVar.framework in Frameworks */ = {isa = PBXBuildFile; fileRef = 7FCFDD5AE836BE612351A5B0 /* Pods_JobVar.framework */; };
		6110A659259389F90039C1AD /* CreatResumeModel.swift in Sources */ = {isa = PBXBuildFile; fileRef = 6110A658259389F90039C1AD /* CreatResumeModel.swift */; };
		6110A66D25938BEC0039C1AD /* CreatResumeModel.json in Resources */ = {isa = PBXBuildFile; fileRef = 6110A66C25938BEC0039C1AD /* CreatResumeModel.json */; };
		612377D725867C99003EAAFE /* ChildModel.swift in Sources */ = {isa = PBXBuildFile; fileRef = 612377D625867C99003EAAFE /* ChildModel.swift */; };
		61275F4825C871D500D4E6BA /* UserAddCityViewController.swift in Sources */ = {isa = PBXBuildFile; fileRef = 61275F4725C871D500D4E6BA /* UserAddCityViewController.swift */; };
		6127E6DE25D5E95F00AD7FE8 /* DetailTableViewCellTest.swift in Sources */ = {isa = PBXBuildFile; fileRef = 6127E6DC25D5E95F00AD7FE8 /* DetailTableViewCellTest.swift */; };
		6127E6DF25D5E95F00AD7FE8 /* DetailTableViewCellTest.xib in Resources */ = {isa = PBXBuildFile; fileRef = 6127E6DD25D5E95F00AD7FE8 /* DetailTableViewCellTest.xib */; };
		612B9337256B20E0009DBCBF /* AppDelegate.swift in Sources */ = {isa = PBXBuildFile; fileRef = 612B9336256B20E0009DBCBF /* AppDelegate.swift */; };
		612B9339256B20E0009DBCBF /* SceneDelegate.swift in Sources */ = {isa = PBXBuildFile; fileRef = 612B9338256B20E0009DBCBF /* SceneDelegate.swift */; };
		612B9340256B20E2009DBCBF /* Assets.xcassets in Resources */ = {isa = PBXBuildFile; fileRef = 612B933F256B20E2009DBCBF /* Assets.xcassets */; };
		612B9343256B20E2009DBCBF /* LaunchScreen.storyboard in Resources */ = {isa = PBXBuildFile; fileRef = 612B9341256B20E2009DBCBF /* LaunchScreen.storyboard */; };
		612B934E256B20E2009DBCBF /* JobVarTests.swift in Sources */ = {isa = PBXBuildFile; fileRef = 612B934D256B20E2009DBCBF /* JobVarTests.swift */; };
		612B9359256B20E2009DBCBF /* JobVarUITests.swift in Sources */ = {isa = PBXBuildFile; fileRef = 612B9358256B20E2009DBCBF /* JobVarUITests.swift */; };
		612B9370256B22DE009DBCBF /* Router.swift in Sources */ = {isa = PBXBuildFile; fileRef = 612B936F256B22DE009DBCBF /* Router.swift */; };
		612B9376256B2327009DBCBF /* AssemblyModuleBuilder.swift in Sources */ = {isa = PBXBuildFile; fileRef = 612B9375256B2327009DBCBF /* AssemblyModuleBuilder.swift */; };
		612B9382256B236C009DBCBF /* FeedResponSe.swift in Sources */ = {isa = PBXBuildFile; fileRef = 612B9381256B236C009DBCBF /* FeedResponSe.swift */; };
		612B938E256B23E7009DBCBF /* CustomTabbarViewController.swift in Sources */ = {isa = PBXBuildFile; fileRef = 612B938D256B23E7009DBCBF /* CustomTabbarViewController.swift */; };
		612B9398256B2439009DBCBF /* MainViewController.swift in Sources */ = {isa = PBXBuildFile; fileRef = 612B9397256B2439009DBCBF /* MainViewController.swift */; };
		612B93A0256B2459009DBCBF /* MainViewController + Extension.swift in Sources */ = {isa = PBXBuildFile; fileRef = 612B939F256B2459009DBCBF /* MainViewController + Extension.swift */; };
		612B93A5256B247F009DBCBF /* MainViewModel.swift in Sources */ = {isa = PBXBuildFile; fileRef = 612B93A4256B247F009DBCBF /* MainViewModel.swift */; };
		612B93AB256B24A7009DBCBF /* MainTableViewCell.swift in Sources */ = {isa = PBXBuildFile; fileRef = 612B93AA256B24A7009DBCBF /* MainTableViewCell.swift */; };
		612B93B0256B24DF009DBCBF /* MainCollectionViewCell.swift in Sources */ = {isa = PBXBuildFile; fileRef = 612B93AF256B24DF009DBCBF /* MainCollectionViewCell.swift */; };
		612B93B6256B2513009DBCBF /* DetailViewController.swift in Sources */ = {isa = PBXBuildFile; fileRef = 612B93B5256B2513009DBCBF /* DetailViewController.swift */; };
		612B93BB256B2540009DBCBF /* DetailViewController + Extension.swift in Sources */ = {isa = PBXBuildFile; fileRef = 612B93BA256B2540009DBCBF /* DetailViewController + Extension.swift */; };
		612B93C0256B2559009DBCBF /* DetailViewModel.swift in Sources */ = {isa = PBXBuildFile; fileRef = 612B93BF256B2559009DBCBF /* DetailViewModel.swift */; };
		612B93C6256B2583009DBCBF /* DetailTableViewCell.swift in Sources */ = {isa = PBXBuildFile; fileRef = 612B93C5256B2583009DBCBF /* DetailTableViewCell.swift */; };
		612B93CF256B2654009DBCBF /* KateqoryModel.swift in Sources */ = {isa = PBXBuildFile; fileRef = 612B93CE256B2654009DBCBF /* KateqoryModel.swift */; };
		612B93DB256B2688009DBCBF /* CreateResumeViewController.swift in Sources */ = {isa = PBXBuildFile; fileRef = 612B93DA256B2688009DBCBF /* CreateResumeViewController.swift */; };
		612B93E0256B2693009DBCBF /* CreateResumeViewController + Extension.swift in Sources */ = {isa = PBXBuildFile; fileRef = 612B93DF256B2693009DBCBF /* CreateResumeViewController + Extension.swift */; };
		612B93ED256B2716009DBCBF /* PreciselyCreatResumeViewController.swift in Sources */ = {isa = PBXBuildFile; fileRef = 612B93EC256B2716009DBCBF /* PreciselyCreatResumeViewController.swift */; };
		612B93F2256B2725009DBCBF /* PreciselyCreatResumeViewController + Extension.swift in Sources */ = {isa = PBXBuildFile; fileRef = 612B93F1256B2725009DBCBF /* PreciselyCreatResumeViewController + Extension.swift */; };
		612B93FE256B2793009DBCBF /* CreatResumeTargetViewController.swift in Sources */ = {isa = PBXBuildFile; fileRef = 612B93FD256B2793009DBCBF /* CreatResumeTargetViewController.swift */; };
		612B9403256B27C1009DBCBF /* CreatResumeTargetViewController + Extension.swift in Sources */ = {isa = PBXBuildFile; fileRef = 612B9402256B27C1009DBCBF /* CreatResumeTargetViewController + Extension.swift */; };
		612B940C256B2819009DBCBF /* CreateResumeViewModel.swift in Sources */ = {isa = PBXBuildFile; fileRef = 612B940B256B2819009DBCBF /* CreateResumeViewModel.swift */; };
		612B9414256B2833009DBCBF /* PreciselyCreatResumeViewModel.swift in Sources */ = {isa = PBXBuildFile; fileRef = 612B9413256B2833009DBCBF /* PreciselyCreatResumeViewModel.swift */; };
		612B9419256B285E009DBCBF /* CreatResumeTargetViewModel.swift in Sources */ = {isa = PBXBuildFile; fileRef = 612B9418256B285E009DBCBF /* CreatResumeTargetViewModel.swift */; };
		612B941F256B288B009DBCBF /* PreciselyCreatResumeTableViewCell.swift in Sources */ = {isa = PBXBuildFile; fileRef = 612B941E256B288B009DBCBF /* PreciselyCreatResumeTableViewCell.swift */; };
		612B942B256B28B8009DBCBF /* CreateResumeTableViewCell.swift in Sources */ = {isa = PBXBuildFile; fileRef = 612B942A256B28B8009DBCBF /* CreateResumeTableViewCell.swift */; };
		612B9430256B28D6009DBCBF /* TargetCreatResumeTableViewCell.swift in Sources */ = {isa = PBXBuildFile; fileRef = 612B942F256B28D6009DBCBF /* TargetCreatResumeTableViewCell.swift */; };
		612B9436256B2932009DBCBF /* JobVacancyViewController.swift in Sources */ = {isa = PBXBuildFile; fileRef = 612B9435256B2932009DBCBF /* JobVacancyViewController.swift */; };
		612B943E256B294A009DBCBF /* JobVacancyViewController + Extension.swift in Sources */ = {isa = PBXBuildFile; fileRef = 612B943D256B294A009DBCBF /* JobVacancyViewController + Extension.swift */; };
		612B9443256B296A009DBCBF /* JobVacancyViewModel.swift in Sources */ = {isa = PBXBuildFile; fileRef = 612B9442256B296A009DBCBF /* JobVacancyViewModel.swift */; };
		612B9449256B2993009DBCBF /* JobVacancyTableViewCell.swift in Sources */ = {isa = PBXBuildFile; fileRef = 612B9448256B2993009DBCBF /* JobVacancyTableViewCell.swift */; };
		612B9452256B29FD009DBCBF /* IshAxtaranlarViewController.swift in Sources */ = {isa = PBXBuildFile; fileRef = 612B9451256B29FD009DBCBF /* IshAxtaranlarViewController.swift */; };
		612B9457256B2A1C009DBCBF /* IshAxtaranlarViewController + Extension.swift in Sources */ = {isa = PBXBuildFile; fileRef = 612B9456256B2A1C009DBCBF /* IshAxtaranlarViewController + Extension.swift */; };
		612B945C256B2A33009DBCBF /* IshAxtaranlarViewModel.swift in Sources */ = {isa = PBXBuildFile; fileRef = 612B945B256B2A33009DBCBF /* IshAxtaranlarViewModel.swift */; };
		612B9462256B2A5C009DBCBF /* JobSeekersTableViewCell.swift in Sources */ = {isa = PBXBuildFile; fileRef = 612B9461256B2A5C009DBCBF /* JobSeekersTableViewCell.swift */; };
		612B946D256B2B0D009DBCBF /* FavoritesViewController.swift in Sources */ = {isa = PBXBuildFile; fileRef = 612B946C256B2B0D009DBCBF /* FavoritesViewController.swift */; };
		612B9472256B2B25009DBCBF /* FavoritesViewController + Extension.swift in Sources */ = {isa = PBXBuildFile; fileRef = 612B9471256B2B25009DBCBF /* FavoritesViewController + Extension.swift */; };
		612B9478256B2B56009DBCBF /* FavoritesDetailViewController.swift in Sources */ = {isa = PBXBuildFile; fileRef = 612B9477256B2B56009DBCBF /* FavoritesDetailViewController.swift */; };
		612B9480256B2B70009DBCBF /* FavoritesDetailViewController + Extension.swift in Sources */ = {isa = PBXBuildFile; fileRef = 612B947F256B2B70009DBCBF /* FavoritesDetailViewController + Extension.swift */; };
		612B9486256B2B95009DBCBF /* FavoritesViewModel.swift in Sources */ = {isa = PBXBuildFile; fileRef = 612B9485256B2B95009DBCBF /* FavoritesViewModel.swift */; };
		612B948E256B2BAB009DBCBF /* FavoritesDetailViewModel.swift in Sources */ = {isa = PBXBuildFile; fileRef = 612B948D256B2BAB009DBCBF /* FavoritesDetailViewModel.swift */; };
		612B9494256B2C27009DBCBF /* FavoritesTableViewCell.swift in Sources */ = {isa = PBXBuildFile; fileRef = 612B9493256B2C27009DBCBF /* FavoritesTableViewCell.swift */; };
		612B949C256B2C3D009DBCBF /* FavoritesDetailTableViewCell.swift in Sources */ = {isa = PBXBuildFile; fileRef = 612B949B256B2C3D009DBCBF /* FavoritesDetailTableViewCell.swift */; };
		612B94A4256B2CB6009DBCBF /* UserViewController.swift in Sources */ = {isa = PBXBuildFile; fileRef = 612B94A3256B2CB6009DBCBF /* UserViewController.swift */; };
		612B94AC256B2CCF009DBCBF /* UserViewController + Extension.swift in Sources */ = {isa = PBXBuildFile; fileRef = 612B94AB256B2CCF009DBCBF /* UserViewController + Extension.swift */; };
		612B94B2256B2D0E009DBCBF /* UserSettingViewController.swift in Sources */ = {isa = PBXBuildFile; fileRef = 612B94B1256B2D0E009DBCBF /* UserSettingViewController.swift */; };
		612B94B7256B2D22009DBCBF /* UserSettingViewController + Extension.swift in Sources */ = {isa = PBXBuildFile; fileRef = 612B94B6256B2D22009DBCBF /* UserSettingViewController + Extension.swift */; };
		612B94BD256B2D4D009DBCBF /* UserViewModel.swift in Sources */ = {isa = PBXBuildFile; fileRef = 612B94BC256B2D4D009DBCBF /* UserViewModel.swift */; };
		612B94C2256B2D5A009DBCBF /* UserSettingViewModel.swift in Sources */ = {isa = PBXBuildFile; fileRef = 612B94C1256B2D5A009DBCBF /* UserSettingViewModel.swift */; };
		612B94C8256B2D97009DBCBF /* UserTableViewCell.swift in Sources */ = {isa = PBXBuildFile; fileRef = 612B94C7256B2D97009DBCBF /* UserTableViewCell.swift */; };
		612B94D0256B2DB3009DBCBF /* UserSettingTableViewCell.swift in Sources */ = {isa = PBXBuildFile; fileRef = 612B94CF256B2DB3009DBCBF /* UserSettingTableViewCell.swift */; };
		613B0411257689340029EB2C /* NetworkService.swift in Sources */ = {isa = PBXBuildFile; fileRef = 613B0410257689340029EB2C /* NetworkService.swift */; };
		613B04192576895A0029EB2C /* Comment.swift in Sources */ = {isa = PBXBuildFile; fileRef = 613B04182576895A0029EB2C /* Comment.swift */; };
		6186436F25A1D6A000AB6235 /* MainFilterViewController.swift in Sources */ = {isa = PBXBuildFile; fileRef = 6186436E25A1D6A000AB6235 /* MainFilterViewController.swift */; };
		6186437425A1D6C200AB6235 /* FilterMainVCTableViewCell.swift in Sources */ = {isa = PBXBuildFile; fileRef = 6186437325A1D6C200AB6235 /* FilterMainVCTableViewCell.swift */; };
		61A29F5F256C679A00580990 /* LogInViewController.swift in Sources */ = {isa = PBXBuildFile; fileRef = 61A29F5E256C679A00580990 /* LogInViewController.swift */; };
		61A29F64256C67BB00580990 /* LogInViewController + Extension.swift in Sources */ = {isa = PBXBuildFile; fileRef = 61A29F63256C67BB00580990 /* LogInViewController + Extension.swift */; };
		61A29F69256C67E100580990 /* LogInViewModel.swift in Sources */ = {isa = PBXBuildFile; fileRef = 61A29F68256C67E100580990 /* LogInViewModel.swift */; };
		61A29F6E256C69C500580990 /* LogInTableViewCell.swift in Sources */ = {isa = PBXBuildFile; fileRef = 61A29F6D256C69C500580990 /* LogInTableViewCell.swift */; };
		61A29F7C256C826200580990 /* SignUpViewController.swift in Sources */ = {isa = PBXBuildFile; fileRef = 61A29F7B256C826200580990 /* SignUpViewController.swift */; };
		61A29F81256C827600580990 /* SignUpViewController + Etension.swift in Sources */ = {isa = PBXBuildFile; fileRef = 61A29F80256C827600580990 /* SignUpViewController + Etension.swift */; };
		61A29F86256C842000580990 /* SignUpViewModel.swift in Sources */ = {isa = PBXBuildFile; fileRef = 61A29F85256C842000580990 /* SignUpViewModel.swift */; };
		61A29F9A256C8EEF00580990 /* SignUpTableViewCell.swift in Sources */ = {isa = PBXBuildFile; fileRef = 61A29F99256C8EEF00580990 /* SignUpTableViewCell.swift */; };
		61A29FA5256C92CA00580990 /* ChoiceViewController.swift in Sources */ = {isa = PBXBuildFile; fileRef = 61A29FA4256C92CA00580990 /* ChoiceViewController.swift */; };
		61A29FB1256C932300580990 /* ChoiceViewController + Extension.swift in Sources */ = {isa = PBXBuildFile; fileRef = 61A29FB0256C932300580990 /* ChoiceViewController + Extension.swift */; };
		61A29FB6256C93B500580990 /* ChoiceViewModel.swift in Sources */ = {isa = PBXBuildFile; fileRef = 61A29FB5256C93B500580990 /* ChoiceViewModel.swift */; };
		61A29FCD256D733D00580990 /* AuthRouter.swift in Sources */ = {isa = PBXBuildFile; fileRef = 61A29FCC256D733D00580990 /* AuthRouter.swift */; };
		61A415912583A30100F2945D /* FirebaseSetAuth.swift in Sources */ = {isa = PBXBuildFile; fileRef = 61A415902583A30100F2945D /* FirebaseSetAuth.swift */; };
		61B29119256B36F1006D13D1 /* AuthiewController.swift in Sources */ = {isa = PBXBuildFile; fileRef = 61B29118256B36F1006D13D1 /* AuthiewController.swift */; };
		61B29121256B3D19006D13D1 /* GoogleService-Info.plist in Resources */ = {isa = PBXBuildFile; fileRef = 61B29120256B3D19006D13D1 /* GoogleService-Info.plist */; };
		61B38BF32592D37900D75702 /* SalaryViewController.swift in Sources */ = {isa = PBXBuildFile; fileRef = 61B38BF12592D37900D75702 /* SalaryViewController.swift */; };
		61B38BF42592D37900D75702 /* SalaryViewController.xib in Resources */ = {isa = PBXBuildFile; fileRef = 61B38BF22592D37900D75702 /* SalaryViewController.xib */; };
		61B38BFD2592ECDA00D75702 /* EuducationViewController.swift in Sources */ = {isa = PBXBuildFile; fileRef = 61B38BFC2592ECDA00D75702 /* EuducationViewController.swift */; };
		61B38C0B2592F4E200D75702 /* WorkExperienceViewController.swift in Sources */ = {isa = PBXBuildFile; fileRef = 61B38C0A2592F4E200D75702 /* WorkExperienceViewController.swift */; };
		61C5462F258A744E007E0E4D /* CityModel.swift in Sources */ = {isa = PBXBuildFile; fileRef = 61C5462E258A744E007E0E4D /* CityModel.swift */; };
		61C54634258AA06A007E0E4D /* CityDetailViewController.swift in Sources */ = {isa = PBXBuildFile; fileRef = 61C54633258AA069007E0E4D /* CityDetailViewController.swift */; };
		61C5463F258AA6C1007E0E4D /* CityDetailViewController + Extension.swift in Sources */ = {isa = PBXBuildFile; fileRef = 61C5463E258AA6C1007E0E4D /* CityDetailViewController + Extension.swift */; };
		61C54644258AA85A007E0E4D /* CreatResumeDetailTableViewCell.swift in Sources */ = {isa = PBXBuildFile; fileRef = 61C54643258AA85A007E0E4D /* CreatResumeDetailTableViewCell.swift */; };
		61C5464C258AAB1C007E0E4D /* CityDetilViewModel.swift in Sources */ = {isa = PBXBuildFile; fileRef = 61C5464B258AAB1C007E0E4D /* CityDetilViewModel.swift */; };
		61C54654258AB718007E0E4D /* SetData.swift in Sources */ = {isa = PBXBuildFile; fileRef = 61C54653258AB718007E0E4D /* SetData.swift */; };
		61D3B9082591726600AD1585 /* CityViewController.swift in Sources */ = {isa = PBXBuildFile; fileRef = 61D3B9072591726600AD1585 /* CityViewController.swift */; };
		61D695F0257D7A3700326B53 /* UserModel.swift in Sources */ = {isa = PBXBuildFile; fileRef = 61D695EF257D7A3700326B53 /* UserModel.swift */; };
		61D695F5257D7ADE00326B53 /* AddResumeModel.swift in Sources */ = {isa = PBXBuildFile; fileRef = 61D695F4257D7ADE00326B53 /* AddResumeModel.swift */; };
		61D695FF257D844200326B53 /* UserInfoModel.swift in Sources */ = {isa = PBXBuildFile; fileRef = 61D695FE257D844200326B53 /* UserInfoModel.swift */; };
		61D6960F25801DA200326B53 /* FirebaseSet.swift in Sources */ = {isa = PBXBuildFile; fileRef = 61D6960E25801DA200326B53 /* FirebaseSet.swift */; };
		61D696142582F1DC00326B53 /* ChildEnum.swift in Sources */ = {isa = PBXBuildFile; fileRef = 61D696132582F1DC00326B53 /* ChildEnum.swift */; };
/* End PBXBuildFile section */

/* Begin PBXContainerItemProxy section */
		612B934A256B20E2009DBCBF /* PBXContainerItemProxy */ = {
			isa = PBXContainerItemProxy;
			containerPortal = 612B932B256B20DF009DBCBF /* Project object */;
			proxyType = 1;
			remoteGlobalIDString = 612B9332256B20DF009DBCBF;
			remoteInfo = JobVar;
		};
		612B9355256B20E2009DBCBF /* PBXContainerItemProxy */ = {
			isa = PBXContainerItemProxy;
			containerPortal = 612B932B256B20DF009DBCBF /* Project object */;
			proxyType = 1;
			remoteGlobalIDString = 612B9332256B20DF009DBCBF;
			remoteInfo = JobVar;
		};
/* End PBXContainerItemProxy section */

/* Begin PBXFileReference section */
		6110A658259389F90039C1AD /* CreatResumeModel.swift */ = {isa = PBXFileReference; lastKnownFileType = sourcecode.swift; path = CreatResumeModel.swift; sourceTree = "<group>"; };
		6110A66C25938BEC0039C1AD /* CreatResumeModel.json */ = {isa = PBXFileReference; fileEncoding = 4; lastKnownFileType = text.json; path = CreatResumeModel.json; sourceTree = "<group>"; };
		612377D625867C99003EAAFE /* ChildModel.swift */ = {isa = PBXFileReference; lastKnownFileType = sourcecode.swift; path = ChildModel.swift; sourceTree = "<group>"; };
		61275F4725C871D500D4E6BA /* UserAddCityViewController.swift */ = {isa = PBXFileReference; lastKnownFileType = sourcecode.swift; path = UserAddCityViewController.swift; sourceTree = "<group>"; };
		6127E6DC25D5E95F00AD7FE8 /* DetailTableViewCellTest.swift */ = {isa = PBXFileReference; lastKnownFileType = sourcecode.swift; path = DetailTableViewCellTest.swift; sourceTree = "<group>"; };
		6127E6DD25D5E95F00AD7FE8 /* DetailTableViewCellTest.xib */ = {isa = PBXFileReference; lastKnownFileType = file.xib; path = DetailTableViewCellTest.xib; sourceTree = "<group>"; };
		612B9333256B20E0009DBCBF /* JobVar.app */ = {isa = PBXFileReference; explicitFileType = wrapper.application; includeInIndex = 0; path = JobVar.app; sourceTree = BUILT_PRODUCTS_DIR; };
		612B9336256B20E0009DBCBF /* AppDelegate.swift */ = {isa = PBXFileReference; lastKnownFileType = sourcecode.swift; path = AppDelegate.swift; sourceTree = "<group>"; };
		612B9338256B20E0009DBCBF /* SceneDelegate.swift */ = {isa = PBXFileReference; lastKnownFileType = sourcecode.swift; path = SceneDelegate.swift; sourceTree = "<group>"; };
		612B933F256B20E2009DBCBF /* Assets.xcassets */ = {isa = PBXFileReference; lastKnownFileType = folder.assetcatalog; path = Assets.xcassets; sourceTree = "<group>"; };
		612B9342256B20E2009DBCBF /* Base */ = {isa = PBXFileReference; lastKnownFileType = file.storyboard; name = Base; path = Base.lproj/LaunchScreen.storyboard; sourceTree = "<group>"; };
		612B9344256B20E2009DBCBF /* Info.plist */ = {isa = PBXFileReference; lastKnownFileType = text.plist.xml; path = Info.plist; sourceTree = "<group>"; };
		612B9349256B20E2009DBCBF /* JobVarTests.xctest */ = {isa = PBXFileReference; explicitFileType = wrapper.cfbundle; includeInIndex = 0; path = JobVarTests.xctest; sourceTree = BUILT_PRODUCTS_DIR; };
		612B934D256B20E2009DBCBF /* JobVarTests.swift */ = {isa = PBXFileReference; lastKnownFileType = sourcecode.swift; path = JobVarTests.swift; sourceTree = "<group>"; };
		612B934F256B20E2009DBCBF /* Info.plist */ = {isa = PBXFileReference; lastKnownFileType = text.plist.xml; path = Info.plist; sourceTree = "<group>"; };
		612B9354256B20E2009DBCBF /* JobVarUITests.xctest */ = {isa = PBXFileReference; explicitFileType = wrapper.cfbundle; includeInIndex = 0; path = JobVarUITests.xctest; sourceTree = BUILT_PRODUCTS_DIR; };
		612B9358256B20E2009DBCBF /* JobVarUITests.swift */ = {isa = PBXFileReference; lastKnownFileType = sourcecode.swift; path = JobVarUITests.swift; sourceTree = "<group>"; };
		612B935A256B20E2009DBCBF /* Info.plist */ = {isa = PBXFileReference; lastKnownFileType = text.plist.xml; path = Info.plist; sourceTree = "<group>"; };
		612B936F256B22DE009DBCBF /* Router.swift */ = {isa = PBXFileReference; lastKnownFileType = sourcecode.swift; path = Router.swift; sourceTree = "<group>"; };
		612B9375256B2327009DBCBF /* AssemblyModuleBuilder.swift */ = {isa = PBXFileReference; lastKnownFileType = sourcecode.swift; path = AssemblyModuleBuilder.swift; sourceTree = "<group>"; };
		612B9381256B236C009DBCBF /* FeedResponSe.swift */ = {isa = PBXFileReference; lastKnownFileType = sourcecode.swift; path = FeedResponSe.swift; sourceTree = "<group>"; };
		612B938D256B23E7009DBCBF /* CustomTabbarViewController.swift */ = {isa = PBXFileReference; lastKnownFileType = sourcecode.swift; path = CustomTabbarViewController.swift; sourceTree = "<group>"; };
		612B9397256B2439009DBCBF /* MainViewController.swift */ = {isa = PBXFileReference; lastKnownFileType = sourcecode.swift; path = MainViewController.swift; sourceTree = "<group>"; };
		612B939F256B2459009DBCBF /* MainViewController + Extension.swift */ = {isa = PBXFileReference; lastKnownFileType = sourcecode.swift; path = "MainViewController + Extension.swift"; sourceTree = "<group>"; };
		612B93A4256B247F009DBCBF /* MainViewModel.swift */ = {isa = PBXFileReference; lastKnownFileType = sourcecode.swift; path = MainViewModel.swift; sourceTree = "<group>"; };
		612B93AA256B24A7009DBCBF /* MainTableViewCell.swift */ = {isa = PBXFileReference; lastKnownFileType = sourcecode.swift; path = MainTableViewCell.swift; sourceTree = "<group>"; };
		612B93AF256B24DF009DBCBF /* MainCollectionViewCell.swift */ = {isa = PBXFileReference; lastKnownFileType = sourcecode.swift; path = MainCollectionViewCell.swift; sourceTree = "<group>"; };
		612B93B5256B2513009DBCBF /* DetailViewController.swift */ = {isa = PBXFileReference; lastKnownFileType = sourcecode.swift; path = DetailViewController.swift; sourceTree = "<group>"; };
		612B93BA256B2540009DBCBF /* DetailViewController + Extension.swift */ = {isa = PBXFileReference; lastKnownFileType = sourcecode.swift; path = "DetailViewController + Extension.swift"; sourceTree = "<group>"; };
		612B93BF256B2559009DBCBF /* DetailViewModel.swift */ = {isa = PBXFileReference; lastKnownFileType = sourcecode.swift; path = DetailViewModel.swift; sourceTree = "<group>"; };
		612B93C5256B2583009DBCBF /* DetailTableViewCell.swift */ = {isa = PBXFileReference; lastKnownFileType = sourcecode.swift; path = DetailTableViewCell.swift; sourceTree = "<group>"; };
		612B93CE256B2654009DBCBF /* KateqoryModel.swift */ = {isa = PBXFileReference; lastKnownFileType = sourcecode.swift; path = KateqoryModel.swift; sourceTree = "<group>"; };
		612B93DA256B2688009DBCBF /* CreateResumeViewController.swift */ = {isa = PBXFileReference; lastKnownFileType = sourcecode.swift; path = CreateResumeViewController.swift; sourceTree = "<group>"; };
		612B93DF256B2693009DBCBF /* CreateResumeViewController + Extension.swift */ = {isa = PBXFileReference; lastKnownFileType = sourcecode.swift; path = "CreateResumeViewController + Extension.swift"; sourceTree = "<group>"; };
		612B93EC256B2716009DBCBF /* PreciselyCreatResumeViewController.swift */ = {isa = PBXFileReference; lastKnownFileType = sourcecode.swift; path = PreciselyCreatResumeViewController.swift; sourceTree = "<group>"; };
		612B93F1256B2725009DBCBF /* PreciselyCreatResumeViewController + Extension.swift */ = {isa = PBXFileReference; lastKnownFileType = sourcecode.swift; path = "PreciselyCreatResumeViewController + Extension.swift"; sourceTree = "<group>"; };
		612B93FD256B2793009DBCBF /* CreatResumeTargetViewController.swift */ = {isa = PBXFileReference; lastKnownFileType = sourcecode.swift; path = CreatResumeTargetViewController.swift; sourceTree = "<group>"; };
		612B9402256B27C1009DBCBF /* CreatResumeTargetViewController + Extension.swift */ = {isa = PBXFileReference; lastKnownFileType = sourcecode.swift; path = "CreatResumeTargetViewController + Extension.swift"; sourceTree = "<group>"; };
		612B940B256B2819009DBCBF /* CreateResumeViewModel.swift */ = {isa = PBXFileReference; lastKnownFileType = sourcecode.swift; path = CreateResumeViewModel.swift; sourceTree = "<group>"; };
		612B9413256B2833009DBCBF /* PreciselyCreatResumeViewModel.swift */ = {isa = PBXFileReference; lastKnownFileType = sourcecode.swift; path = PreciselyCreatResumeViewModel.swift; sourceTree = "<group>"; };
		612B9418256B285E009DBCBF /* CreatResumeTargetViewModel.swift */ = {isa = PBXFileReference; lastKnownFileType = sourcecode.swift; path = CreatResumeTargetViewModel.swift; sourceTree = "<group>"; };
		612B941E256B288B009DBCBF /* PreciselyCreatResumeTableViewCell.swift */ = {isa = PBXFileReference; lastKnownFileType = sourcecode.swift; path = PreciselyCreatResumeTableViewCell.swift; sourceTree = "<group>"; };
		612B942A256B28B8009DBCBF /* CreateResumeTableViewCell.swift */ = {isa = PBXFileReference; lastKnownFileType = sourcecode.swift; path = CreateResumeTableViewCell.swift; sourceTree = "<group>"; };
		612B942F256B28D6009DBCBF /* TargetCreatResumeTableViewCell.swift */ = {isa = PBXFileReference; lastKnownFileType = sourcecode.swift; path = TargetCreatResumeTableViewCell.swift; sourceTree = "<group>"; };
		612B9435256B2932009DBCBF /* JobVacancyViewController.swift */ = {isa = PBXFileReference; lastKnownFileType = sourcecode.swift; path = JobVacancyViewController.swift; sourceTree = "<group>"; };
		612B943D256B294A009DBCBF /* JobVacancyViewController + Extension.swift */ = {isa = PBXFileReference; lastKnownFileType = sourcecode.swift; path = "JobVacancyViewController + Extension.swift"; sourceTree = "<group>"; };
		612B9442256B296A009DBCBF /* JobVacancyViewModel.swift */ = {isa = PBXFileReference; lastKnownFileType = sourcecode.swift; path = JobVacancyViewModel.swift; sourceTree = "<group>"; };
		612B9448256B2993009DBCBF /* JobVacancyTableViewCell.swift */ = {isa = PBXFileReference; lastKnownFileType = sourcecode.swift; path = JobVacancyTableViewCell.swift; sourceTree = "<group>"; };
		612B9451256B29FD009DBCBF /* IshAxtaranlarViewController.swift */ = {isa = PBXFileReference; lastKnownFileType = sourcecode.swift; path = IshAxtaranlarViewController.swift; sourceTree = "<group>"; };
		612B9456256B2A1C009DBCBF /* IshAxtaranlarViewController + Extension.swift */ = {isa = PBXFileReference; lastKnownFileType = sourcecode.swift; path = "IshAxtaranlarViewController + Extension.swift"; sourceTree = "<group>"; };
		612B945B256B2A33009DBCBF /* IshAxtaranlarViewModel.swift */ = {isa = PBXFileReference; lastKnownFileType = sourcecode.swift; path = IshAxtaranlarViewModel.swift; sourceTree = "<group>"; };
		612B9461256B2A5C009DBCBF /* JobSeekersTableViewCell.swift */ = {isa = PBXFileReference; lastKnownFileType = sourcecode.swift; path = JobSeekersTableViewCell.swift; sourceTree = "<group>"; };
		612B946C256B2B0D009DBCBF /* FavoritesViewController.swift */ = {isa = PBXFileReference; lastKnownFileType = sourcecode.swift; path = FavoritesViewController.swift; sourceTree = "<group>"; };
		612B9471256B2B25009DBCBF /* FavoritesViewController + Extension.swift */ = {isa = PBXFileReference; lastKnownFileType = sourcecode.swift; path = "FavoritesViewController + Extension.swift"; sourceTree = "<group>"; };
		612B9477256B2B56009DBCBF /* FavoritesDetailViewController.swift */ = {isa = PBXFileReference; lastKnownFileType = sourcecode.swift; path = FavoritesDetailViewController.swift; sourceTree = "<group>"; };
		612B947F256B2B70009DBCBF /* FavoritesDetailViewController + Extension.swift */ = {isa = PBXFileReference; lastKnownFileType = sourcecode.swift; path = "FavoritesDetailViewController + Extension.swift"; sourceTree = "<group>"; };
		612B9485256B2B95009DBCBF /* FavoritesViewModel.swift */ = {isa = PBXFileReference; lastKnownFileType = sourcecode.swift; path = FavoritesViewModel.swift; sourceTree = "<group>"; };
		612B948D256B2BAB009DBCBF /* FavoritesDetailViewModel.swift */ = {isa = PBXFileReference; lastKnownFileType = sourcecode.swift; path = FavoritesDetailViewModel.swift; sourceTree = "<group>"; };
		612B9493256B2C27009DBCBF /* FavoritesTableViewCell.swift */ = {isa = PBXFileReference; lastKnownFileType = sourcecode.swift; path = FavoritesTableViewCell.swift; sourceTree = "<group>"; };
		612B949B256B2C3D009DBCBF /* FavoritesDetailTableViewCell.swift */ = {isa = PBXFileReference; lastKnownFileType = sourcecode.swift; path = FavoritesDetailTableViewCell.swift; sourceTree = "<group>"; };
		612B94A3256B2CB6009DBCBF /* UserViewController.swift */ = {isa = PBXFileReference; lastKnownFileType = sourcecode.swift; path = UserViewController.swift; sourceTree = "<group>"; };
		612B94AB256B2CCF009DBCBF /* UserViewController + Extension.swift */ = {isa = PBXFileReference; lastKnownFileType = sourcecode.swift; path = "UserViewController + Extension.swift"; sourceTree = "<group>"; };
		612B94B1256B2D0E009DBCBF /* UserSettingViewController.swift */ = {isa = PBXFileReference; lastKnownFileType = sourcecode.swift; path = UserSettingViewController.swift; sourceTree = "<group>"; };
		612B94B6256B2D22009DBCBF /* UserSettingViewController + Extension.swift */ = {isa = PBXFileReference; lastKnownFileType = sourcecode.swift; path = "UserSettingViewController + Extension.swift"; sourceTree = "<group>"; };
		612B94BC256B2D4D009DBCBF /* UserViewModel.swift */ = {isa = PBXFileReference; lastKnownFileType = sourcecode.swift; path = UserViewModel.swift; sourceTree = "<group>"; };
		612B94C1256B2D5A009DBCBF /* UserSettingViewModel.swift */ = {isa = PBXFileReference; lastKnownFileType = sourcecode.swift; path = UserSettingViewModel.swift; sourceTree = "<group>"; };
		612B94C7256B2D97009DBCBF /* UserTableViewCell.swift */ = {isa = PBXFileReference; lastKnownFileType = sourcecode.swift; path = UserTableViewCell.swift; sourceTree = "<group>"; };
		612B94CF256B2DB3009DBCBF /* UserSettingTableViewCell.swift */ = {isa = PBXFileReference; lastKnownFileType = sourcecode.swift; path = UserSettingTableViewCell.swift; sourceTree = "<group>"; };
		613B0410257689340029EB2C /* NetworkService.swift */ = {isa = PBXFileReference; lastKnownFileType = sourcecode.swift; path = NetworkService.swift; sourceTree = "<group>"; };
		613B04182576895A0029EB2C /* Comment.swift */ = {isa = PBXFileReference; lastKnownFileType = sourcecode.swift; path = Comment.swift; sourceTree = "<group>"; };
		6186436E25A1D6A000AB6235 /* MainFilterViewController.swift */ = {isa = PBXFileReference; lastKnownFileType = sourcecode.swift; path = MainFilterViewController.swift; sourceTree = "<group>"; };
		6186437325A1D6C200AB6235 /* FilterMainVCTableViewCell.swift */ = {isa = PBXFileReference; lastKnownFileType = sourcecode.swift; path = FilterMainVCTableViewCell.swift; sourceTree = "<group>"; };
		61A29F5E256C679A00580990 /* LogInViewController.swift */ = {isa = PBXFileReference; lastKnownFileType = sourcecode.swift; path = LogInViewController.swift; sourceTree = "<group>"; };
		61A29F63256C67BB00580990 /* LogInViewController + Extension.swift */ = {isa = PBXFileReference; lastKnownFileType = sourcecode.swift; path = "LogInViewController + Extension.swift"; sourceTree = "<group>"; };
		61A29F68256C67E100580990 /* LogInViewModel.swift */ = {isa = PBXFileReference; lastKnownFileType = sourcecode.swift; path = LogInViewModel.swift; sourceTree = "<group>"; };
		61A29F6D256C69C500580990 /* LogInTableViewCell.swift */ = {isa = PBXFileReference; lastKnownFileType = sourcecode.swift; path = LogInTableViewCell.swift; sourceTree = "<group>"; };
		61A29F7B256C826200580990 /* SignUpViewController.swift */ = {isa = PBXFileReference; lastKnownFileType = sourcecode.swift; path = SignUpViewController.swift; sourceTree = "<group>"; };
		61A29F80256C827600580990 /* SignUpViewController + Etension.swift */ = {isa = PBXFileReference; lastKnownFileType = sourcecode.swift; path = "SignUpViewController + Etension.swift"; sourceTree = "<group>"; };
		61A29F85256C842000580990 /* SignUpViewModel.swift */ = {isa = PBXFileReference; lastKnownFileType = sourcecode.swift; path = SignUpViewModel.swift; sourceTree = "<group>"; };
		61A29F99256C8EEF00580990 /* SignUpTableViewCell.swift */ = {isa = PBXFileReference; lastKnownFileType = sourcecode.swift; path = SignUpTableViewCell.swift; sourceTree = "<group>"; };
		61A29FA4256C92CA00580990 /* ChoiceViewController.swift */ = {isa = PBXFileReference; lastKnownFileType = sourcecode.swift; path = ChoiceViewController.swift; sourceTree = "<group>"; };
		61A29FB0256C932300580990 /* ChoiceViewController + Extension.swift */ = {isa = PBXFileReference; lastKnownFileType = sourcecode.swift; path = "ChoiceViewController + Extension.swift"; sourceTree = "<group>"; };
		61A29FB5256C93B500580990 /* ChoiceViewModel.swift */ = {isa = PBXFileReference; lastKnownFileType = sourcecode.swift; path = ChoiceViewModel.swift; sourceTree = "<group>"; };
		61A29FCC256D733D00580990 /* AuthRouter.swift */ = {isa = PBXFileReference; lastKnownFileType = sourcecode.swift; path = AuthRouter.swift; sourceTree = "<group>"; };
		61A415902583A30100F2945D /* FirebaseSetAuth.swift */ = {isa = PBXFileReference; lastKnownFileType = sourcecode.swift; path = FirebaseSetAuth.swift; sourceTree = "<group>"; };
		61B29118256B36F1006D13D1 /* AuthiewController.swift */ = {isa = PBXFileReference; lastKnownFileType = sourcecode.swift; path = AuthiewController.swift; sourceTree = "<group>"; };
		61B29120256B3D19006D13D1 /* GoogleService-Info.plist */ = {isa = PBXFileReference; fileEncoding = 4; lastKnownFileType = text.plist.xml; path = "GoogleService-Info.plist"; sourceTree = "<group>"; };
		61B38BF12592D37900D75702 /* SalaryViewController.swift */ = {isa = PBXFileReference; lastKnownFileType = sourcecode.swift; path = SalaryViewController.swift; sourceTree = "<group>"; };
		61B38BF22592D37900D75702 /* SalaryViewController.xib */ = {isa = PBXFileReference; lastKnownFileType = file.xib; path = SalaryViewController.xib; sourceTree = "<group>"; };
		61B38BFC2592ECDA00D75702 /* EuducationViewController.swift */ = {isa = PBXFileReference; lastKnownFileType = sourcecode.swift; path = EuducationViewController.swift; sourceTree = "<group>"; };
		61B38C0A2592F4E200D75702 /* WorkExperienceViewController.swift */ = {isa = PBXFileReference; lastKnownFileType = sourcecode.swift; path = WorkExperienceViewController.swift; sourceTree = "<group>"; };
		61C5462E258A744E007E0E4D /* CityModel.swift */ = {isa = PBXFileReference; lastKnownFileType = sourcecode.swift; path = CityModel.swift; sourceTree = "<group>"; };
		61C54633258AA069007E0E4D /* CityDetailViewController.swift */ = {isa = PBXFileReference; lastKnownFileType = sourcecode.swift; path = CityDetailViewController.swift; sourceTree = "<group>"; };
		61C5463E258AA6C1007E0E4D /* CityDetailViewController + Extension.swift */ = {isa = PBXFileReference; lastKnownFileType = sourcecode.swift; path = "CityDetailViewController + Extension.swift"; sourceTree = "<group>"; };
		61C54643258AA85A007E0E4D /* CreatResumeDetailTableViewCell.swift */ = {isa = PBXFileReference; lastKnownFileType = sourcecode.swift; path = CreatResumeDetailTableViewCell.swift; sourceTree = "<group>"; };
		61C5464B258AAB1C007E0E4D /* CityDetilViewModel.swift */ = {isa = PBXFileReference; lastKnownFileType = sourcecode.swift; path = CityDetilViewModel.swift; sourceTree = "<group>"; };
		61C54653258AB718007E0E4D /* SetData.swift */ = {isa = PBXFileReference; lastKnownFileType = sourcecode.swift; path = SetData.swift; sourceTree = "<group>"; };
		61D3B9072591726600AD1585 /* CityViewController.swift */ = {isa = PBXFileReference; lastKnownFileType = sourcecode.swift; path = CityViewController.swift; sourceTree = "<group>"; };
		61D695EF257D7A3700326B53 /* UserModel.swift */ = {isa = PBXFileReference; lastKnownFileType = sourcecode.swift; path = UserModel.swift; sourceTree = "<group>"; };
		61D695F4257D7ADE00326B53 /* AddResumeModel.swift */ = {isa = PBXFileReference; lastKnownFileType = sourcecode.swift; path = AddResumeModel.swift; sourceTree = "<group>"; };
		61D695FE257D844200326B53 /* UserInfoModel.swift */ = {isa = PBXFileReference; lastKnownFileType = sourcecode.swift; path = UserInfoModel.swift; sourceTree = "<group>"; };
		61D6960E25801DA200326B53 /* FirebaseSet.swift */ = {isa = PBXFileReference; lastKnownFileType = sourcecode.swift; path = FirebaseSet.swift; sourceTree = "<group>"; };
		61D696132582F1DC00326B53 /* ChildEnum.swift */ = {isa = PBXFileReference; lastKnownFileType = sourcecode.swift; path = ChildEnum.swift; sourceTree = "<group>"; };
		7FCFDD5AE836BE612351A5B0 /* Pods_JobVar.framework */ = {isa = PBXFileReference; explicitFileType = wrapper.framework; includeInIndex = 0; path = Pods_JobVar.framework; sourceTree = BUILT_PRODUCTS_DIR; };
		BE7B914EEDD3D501CC3A6564 /* Pods-JobVar.debug.xcconfig */ = {isa = PBXFileReference; includeInIndex = 1; lastKnownFileType = text.xcconfig; name = "Pods-JobVar.debug.xcconfig"; path = "Target Support Files/Pods-JobVar/Pods-JobVar.debug.xcconfig"; sourceTree = "<group>"; };
		BF1C1A646EB9B46F0867170E /* Pods-JobVar.release.xcconfig */ = {isa = PBXFileReference; includeInIndex = 1; lastKnownFileType = text.xcconfig; name = "Pods-JobVar.release.xcconfig"; path = "Target Support Files/Pods-JobVar/Pods-JobVar.release.xcconfig"; sourceTree = "<group>"; };
/* End PBXFileReference section */

/* Begin PBXFrameworksBuildPhase section */
		612B9330256B20DF009DBCBF /* Frameworks */ = {
			isa = PBXFrameworksBuildPhase;
			buildActionMask = 2147483647;
			files = (
				2BDB676EB78265187A9FEA09 /* Pods_JobVar.framework in Frameworks */,
			);
			runOnlyForDeploymentPostprocessing = 0;
		};
		612B9346256B20E2009DBCBF /* Frameworks */ = {
			isa = PBXFrameworksBuildPhase;
			buildActionMask = 2147483647;
			files = (
			);
			runOnlyForDeploymentPostprocessing = 0;
		};
		612B9351256B20E2009DBCBF /* Frameworks */ = {
			isa = PBXFrameworksBuildPhase;
			buildActionMask = 2147483647;
			files = (
			);
			runOnlyForDeploymentPostprocessing = 0;
		};
/* End PBXFrameworksBuildPhase section */

/* Begin PBXGroup section */
		2B6AFA7E213268FA8D695E3F /* Frameworks */ = {
			isa = PBXGroup;
			children = (
				7FCFDD5AE836BE612351A5B0 /* Pods_JobVar.framework */,
			);
			name = Frameworks;
			sourceTree = "<group>";
		};
		3FFE0EAD097831CA1C0796A6 /* Pods */ = {
			isa = PBXGroup;
			children = (
				BE7B914EEDD3D501CC3A6564 /* Pods-JobVar.debug.xcconfig */,
				BF1C1A646EB9B46F0867170E /* Pods-JobVar.release.xcconfig */,
			);
			path = Pods;
			sourceTree = "<group>";
		};
		61275F4C25C871D900D4E6BA /* Detail */ = {
			isa = PBXGroup;
			children = (
				61275F4725C871D500D4E6BA /* UserAddCityViewController.swift */,
			);
			path = Detail;
			sourceTree = "<group>";
		};
		612B932A256B20DF009DBCBF = {
			isa = PBXGroup;
			children = (
				612B9335256B20E0009DBCBF /* JobVar */,
				612B934C256B20E2009DBCBF /* JobVarTests */,
				612B9357256B20E2009DBCBF /* JobVarUITests */,
				612B9334256B20E0009DBCBF /* Products */,
				3FFE0EAD097831CA1C0796A6 /* Pods */,
				2B6AFA7E213268FA8D695E3F /* Frameworks */,
			);
			sourceTree = "<group>";
		};
		612B9334256B20E0009DBCBF /* Products */ = {
			isa = PBXGroup;
			children = (
				612B9333256B20E0009DBCBF /* JobVar.app */,
				612B9349256B20E2009DBCBF /* JobVarTests.xctest */,
				612B9354256B20E2009DBCBF /* JobVarUITests.xctest */,
			);
			name = Products;
			sourceTree = "<group>";
		};
		612B9335256B20E0009DBCBF /* JobVar */ = {
			isa = PBXGroup;
			children = (
				6110A66C25938BEC0039C1AD /* CreatResumeModel.json */,
				612B9336256B20E0009DBCBF /* AppDelegate.swift */,
				612B9338256B20E0009DBCBF /* SceneDelegate.swift */,
				612B9374256B22E4009DBCBF /* Routers */,
				612B937D256B2338009DBCBF /* Builder */,
				612B938C256B2392009DBCBF /* Service */,
				612B9392256B23F9009DBCBF /* Tabbar */,
				612B9396256B2418009DBCBF /* Main */,
				612B93B4256B24FD009DBCBF /* Detail */,
				612B93CD256B2640009DBCBF /* CreateResume */,
				612B9434256B291D009DBCBF /* JobVacancy */,
				612B9450256B29DF009DBCBF /* IshAxtaranlar */,
				612B9469256B2AC4009DBCBF /* Favorites */,
				612B94A0256B2C86009DBCBF /* User */,
				61B29117256B36C4006D13D1 /* Reg */,
				612B933F256B20E2009DBCBF /* Assets.xcassets */,
				612B9341256B20E2009DBCBF /* LaunchScreen.storyboard */,
				612B9344256B20E2009DBCBF /* Info.plist */,
				61B29120256B3D19006D13D1 /* GoogleService-Info.plist */,
			);
			path = JobVar;
			sourceTree = "<group>";
		};
		612B934C256B20E2009DBCBF /* JobVarTests */ = {
			isa = PBXGroup;
			children = (
				612B934D256B20E2009DBCBF /* JobVarTests.swift */,
				612B934F256B20E2009DBCBF /* Info.plist */,
			);
			path = JobVarTests;
			sourceTree = "<group>";
		};
		612B9357256B20E2009DBCBF /* JobVarUITests */ = {
			isa = PBXGroup;
			children = (
				612B9358256B20E2009DBCBF /* JobVarUITests.swift */,
				612B935A256B20E2009DBCBF /* Info.plist */,
			);
			path = JobVarUITests;
			sourceTree = "<group>";
		};
		612B9374256B22E4009DBCBF /* Routers */ = {
			isa = PBXGroup;
			children = (
				612B936F256B22DE009DBCBF /* Router.swift */,
				61A29FCC256D733D00580990 /* AuthRouter.swift */,
			);
			path = Routers;
			sourceTree = "<group>";
		};
		612B937D256B2338009DBCBF /* Builder */ = {
			isa = PBXGroup;
			children = (
				612B9375256B2327009DBCBF /* AssemblyModuleBuilder.swift */,
			);
			path = Builder;
			sourceTree = "<group>";
		};
		612B938C256B2392009DBCBF /* Service */ = {
			isa = PBXGroup;
			children = (
				612B9381256B236C009DBCBF /* FeedResponSe.swift */,
				613B04182576895A0029EB2C /* Comment.swift */,
				613B0410257689340029EB2C /* NetworkService.swift */,
				61C54653258AB718007E0E4D /* SetData.swift */,
				61D695F9257D7B9100326B53 /* Model */,
				61D696182582F30800326B53 /* Firebase */,
			);
			path = Service;
			sourceTree = "<group>";
		};
		612B9392256B23F9009DBCBF /* Tabbar */ = {
			isa = PBXGroup;
			children = (
				612B938D256B23E7009DBCBF /* CustomTabbarViewController.swift */,
			);
			path = Tabbar;
			sourceTree = "<group>";
		};
		612B9396256B2418009DBCBF /* Main */ = {
			isa = PBXGroup;
			children = (
				6186436D25A1D67200AB6235 /* MainVC */,
				6186437825A1D6CC00AB6235 /* FilterVC */,
			);
			path = Main;
			sourceTree = "<group>";
		};
		612B93A9256B248E009DBCBF /* Cell */ = {
			isa = PBXGroup;
			children = (
				612B93AA256B24A7009DBCBF /* MainTableViewCell.swift */,
				612B93AF256B24DF009DBCBF /* MainCollectionViewCell.swift */,
			);
			path = Cell;
			sourceTree = "<group>";
		};
		612B93B4256B24FD009DBCBF /* Detail */ = {
			isa = PBXGroup;
			children = (
				612B93B5256B2513009DBCBF /* DetailViewController.swift */,
				612B93BA256B2540009DBCBF /* DetailViewController + Extension.swift */,
				612B93BF256B2559009DBCBF /* DetailViewModel.swift */,
				612B93C4256B256F009DBCBF /* Cell */,
			);
			path = Detail;
			sourceTree = "<group>";
		};
		612B93C4256B256F009DBCBF /* Cell */ = {
			isa = PBXGroup;
			children = (
				6127E6DC25D5E95F00AD7FE8 /* DetailTableViewCellTest.swift */,
				6127E6DD25D5E95F00AD7FE8 /* DetailTableViewCellTest.xib */,
				612B93C5256B2583009DBCBF /* DetailTableViewCell.swift */,
			);
			path = Cell;
			sourceTree = "<group>";
		};
		612B93CD256B2640009DBCBF /* CreateResume */ = {
			isa = PBXGroup;
			children = (
				612B93D6256B2664009DBCBF /* Model */,
				612B93E4256B269C009DBCBF /* Controller */,
				612B941D256B286C009DBCBF /* ViewModel */,
				612B9426256B2892009DBCBF /* Cell */,
				61FC639B259257A10056E04A /* Detail */,
			);
			path = CreateResume;
			sourceTree = "<group>";
		};
		612B93D6256B2664009DBCBF /* Model */ = {
			isa = PBXGroup;
			children = (
				612B93CE256B2654009DBCBF /* KateqoryModel.swift */,
			);
			path = Model;
			sourceTree = "<group>";
		};
		612B93E4256B269C009DBCBF /* Controller */ = {
			isa = PBXGroup;
			children = (
				612B93E5256B26DE009DBCBF /* Category */,
				612B93F6256B2751009DBCBF /* Pecisely */,
				612B9407256B27D6009DBCBF /* Target */,
			);
			path = Controller;
			sourceTree = "<group>";
		};
		612B93E5256B26DE009DBCBF /* Category */ = {
			isa = PBXGroup;
			children = (
				612B93DA256B2688009DBCBF /* CreateResumeViewController.swift */,
				612B93DF256B2693009DBCBF /* CreateResumeViewController + Extension.swift */,
			);
			path = Category;
			sourceTree = "<group>";
		};
		612B93F6256B2751009DBCBF /* Pecisely */ = {
			isa = PBXGroup;
			children = (
				612B93EC256B2716009DBCBF /* PreciselyCreatResumeViewController.swift */,
				612B93F1256B2725009DBCBF /* PreciselyCreatResumeViewController + Extension.swift */,
			);
			path = Pecisely;
			sourceTree = "<group>";
		};
		612B9407256B27D6009DBCBF /* Target */ = {
			isa = PBXGroup;
			children = (
				612B93FD256B2793009DBCBF /* CreatResumeTargetViewController.swift */,
				612B9402256B27C1009DBCBF /* CreatResumeTargetViewController + Extension.swift */,
			);
			path = Target;
			sourceTree = "<group>";
		};
		612B941D256B286C009DBCBF /* ViewModel */ = {
			isa = PBXGroup;
			children = (
				612B940B256B2819009DBCBF /* CreateResumeViewModel.swift */,
				612B9413256B2833009DBCBF /* PreciselyCreatResumeViewModel.swift */,
				612B9418256B285E009DBCBF /* CreatResumeTargetViewModel.swift */,
			);
			path = ViewModel;
			sourceTree = "<group>";
		};
		612B9426256B2892009DBCBF /* Cell */ = {
			isa = PBXGroup;
			children = (
				612B942A256B28B8009DBCBF /* CreateResumeTableViewCell.swift */,
				612B941E256B288B009DBCBF /* PreciselyCreatResumeTableViewCell.swift */,
				612B942F256B28D6009DBCBF /* TargetCreatResumeTableViewCell.swift */,
			);
			path = Cell;
			sourceTree = "<group>";
		};
		612B9434256B291D009DBCBF /* JobVacancy */ = {
			isa = PBXGroup;
			children = (
				612B9435256B2932009DBCBF /* JobVacancyViewController.swift */,
				612B943D256B294A009DBCBF /* JobVacancyViewController + Extension.swift */,
				612B9442256B296A009DBCBF /* JobVacancyViewModel.swift */,
				612B9447256B297D009DBCBF /* Cell */,
			);
			path = JobVacancy;
			sourceTree = "<group>";
		};
		612B9447256B297D009DBCBF /* Cell */ = {
			isa = PBXGroup;
			children = (
				612B9448256B2993009DBCBF /* JobVacancyTableViewCell.swift */,
			);
			path = Cell;
			sourceTree = "<group>";
		};
		612B9450256B29DF009DBCBF /* IshAxtaranlar */ = {
			isa = PBXGroup;
			children = (
				612B9451256B29FD009DBCBF /* IshAxtaranlarViewController.swift */,
				612B9456256B2A1C009DBCBF /* IshAxtaranlarViewController + Extension.swift */,
				612B945B256B2A33009DBCBF /* IshAxtaranlarViewModel.swift */,
				612B9460256B2A4C009DBCBF /* Cell */,
			);
			path = IshAxtaranlar;
			sourceTree = "<group>";
		};
		612B9460256B2A4C009DBCBF /* Cell */ = {
			isa = PBXGroup;
			children = (
				612B9461256B2A5C009DBCBF /* JobSeekersTableViewCell.swift */,
			);
			path = Cell;
			sourceTree = "<group>";
		};
		612B9469256B2AC4009DBCBF /* Favorites */ = {
			isa = PBXGroup;
			children = (
				612B946A256B2AE8009DBCBF /* Controller */,
				612B9484256B2B8A009DBCBF /* ViewModel */,
				612B9492256B2C05009DBCBF /* Cell */,
			);
			path = Favorites;
			sourceTree = "<group>";
		};
		612B946A256B2AE8009DBCBF /* Controller */ = {
			isa = PBXGroup;
			children = (
				612B946B256B2AFA009DBCBF /* FavaritesVC */,
				612B9476256B2B42009DBCBF /* FavoritesDetailVC */,
			);
			path = Controller;
			sourceTree = "<group>";
		};
		612B946B256B2AFA009DBCBF /* FavaritesVC */ = {
			isa = PBXGroup;
			children = (
				612B946C256B2B0D009DBCBF /* FavoritesViewController.swift */,
				612B9471256B2B25009DBCBF /* FavoritesViewController + Extension.swift */,
			);
			path = FavaritesVC;
			sourceTree = "<group>";
		};
		612B9476256B2B42009DBCBF /* FavoritesDetailVC */ = {
			isa = PBXGroup;
			children = (
				612B9477256B2B56009DBCBF /* FavoritesDetailViewController.swift */,
				612B947F256B2B70009DBCBF /* FavoritesDetailViewController + Extension.swift */,
			);
			path = FavoritesDetailVC;
			sourceTree = "<group>";
		};
		612B9484256B2B8A009DBCBF /* ViewModel */ = {
			isa = PBXGroup;
			children = (
				612B9485256B2B95009DBCBF /* FavoritesViewModel.swift */,
				612B948D256B2BAB009DBCBF /* FavoritesDetailViewModel.swift */,
			);
			path = ViewModel;
			sourceTree = "<group>";
		};
		612B9492256B2C05009DBCBF /* Cell */ = {
			isa = PBXGroup;
			children = (
				612B9493256B2C27009DBCBF /* FavoritesTableViewCell.swift */,
				612B949B256B2C3D009DBCBF /* FavoritesDetailTableViewCell.swift */,
			);
			path = Cell;
			sourceTree = "<group>";
		};
		612B94A0256B2C86009DBCBF /* User */ = {
			isa = PBXGroup;
			children = (
				61D695FD257D842100326B53 /* Model */,
				612B94A1256B2C96009DBCBF /* Controller */,
				612B94BB256B2D3F009DBCBF /* ViewModel */,
				612B94C6256B2D7B009DBCBF /* Cell */,
			);
			path = User;
			sourceTree = "<group>";
		};
		612B94A1256B2C96009DBCBF /* Controller */ = {
			isa = PBXGroup;
			children = (
				612B94A2256B2CA3009DBCBF /* UserVc */,
				612B94B0256B2CEC009DBCBF /* UserSettingsVc */,
			);
			path = Controller;
			sourceTree = "<group>";
		};
		612B94A2256B2CA3009DBCBF /* UserVc */ = {
			isa = PBXGroup;
			children = (
				612B94A3256B2CB6009DBCBF /* UserViewController.swift */,
				612B94AB256B2CCF009DBCBF /* UserViewController + Extension.swift */,
			);
			path = UserVc;
			sourceTree = "<group>";
		};
		612B94B0256B2CEC009DBCBF /* UserSettingsVc */ = {
			isa = PBXGroup;
			children = (
				612B94B1256B2D0E009DBCBF /* UserSettingViewController.swift */,
				612B94B6256B2D22009DBCBF /* UserSettingViewController + Extension.swift */,
				61275F4C25C871D900D4E6BA /* Detail */,
			);
			path = UserSettingsVc;
			sourceTree = "<group>";
		};
		612B94BB256B2D3F009DBCBF /* ViewModel */ = {
			isa = PBXGroup;
			children = (
				612B94BC256B2D4D009DBCBF /* UserViewModel.swift */,
				612B94C1256B2D5A009DBCBF /* UserSettingViewModel.swift */,
			);
			path = ViewModel;
			sourceTree = "<group>";
		};
		612B94C6256B2D7B009DBCBF /* Cell */ = {
			isa = PBXGroup;
			children = (
				612B94C7256B2D97009DBCBF /* UserTableViewCell.swift */,
				612B94CF256B2DB3009DBCBF /* UserSettingTableViewCell.swift */,
			);
			path = Cell;
			sourceTree = "<group>";
		};
		6186436D25A1D67200AB6235 /* MainVC */ = {
			isa = PBXGroup;
			children = (
				612B9397256B2439009DBCBF /* MainViewController.swift */,
				612B939F256B2459009DBCBF /* MainViewController + Extension.swift */,
				612B93A4256B247F009DBCBF /* MainViewModel.swift */,
				612B93A9256B248E009DBCBF /* Cell */,
			);
			path = MainVC;
			sourceTree = "<group>";
		};
		6186437825A1D6CC00AB6235 /* FilterVC */ = {
			isa = PBXGroup;
			children = (
				6186436E25A1D6A000AB6235 /* MainFilterViewController.swift */,
				6186437325A1D6C200AB6235 /* FilterMainVCTableViewCell.swift */,
			);
			path = FilterVC;
			sourceTree = "<group>";
		};
		61A29F5D256C676E00580990 /* LogInVc */ = {
			isa = PBXGroup;
			children = (
				61A29F5E256C679A00580990 /* LogInViewController.swift */,
				61A29F63256C67BB00580990 /* LogInViewController + Extension.swift */,
			);
			path = LogInVc;
			sourceTree = "<group>";
		};
		61A29F72256C69D300580990 /* Cell */ = {
			isa = PBXGroup;
			children = (
				61A29F6D256C69C500580990 /* LogInTableViewCell.swift */,
				61A29F99256C8EEF00580990 /* SignUpTableViewCell.swift */,
			);
			path = Cell;
			sourceTree = "<group>";
		};
		61A29F73256C69EB00580990 /* ViewModel */ = {
			isa = PBXGroup;
			children = (
				61A29FB5256C93B500580990 /* ChoiceViewModel.swift */,
				61A29F68256C67E100580990 /* LogInViewModel.swift */,
				61A29F85256C842000580990 /* SignUpViewModel.swift */,
			);
			path = ViewModel;
			sourceTree = "<group>";
		};
		61A29F7A256C823700580990 /* SignUpVc */ = {
			isa = PBXGroup;
			children = (
				61A29F7B256C826200580990 /* SignUpViewController.swift */,
				61A29F80256C827600580990 /* SignUpViewController + Etension.swift */,
			);
			path = SignUpVc;
			sourceTree = "<group>";
		};
		61A29FA9256C92D000580990 /* ChoiceVc */ = {
			isa = PBXGroup;
			children = (
				61A29FA4256C92CA00580990 /* ChoiceViewController.swift */,
				61A29FB0256C932300580990 /* ChoiceViewController + Extension.swift */,
			);
			path = ChoiceVc;
			sourceTree = "<group>";
		};
		61A29FC5256C951300580990 /* Controllers */ = {
			isa = PBXGroup;
			children = (
				61A29FA9256C92D000580990 /* ChoiceVc */,
				61A29F5D256C676E00580990 /* LogInVc */,
				61A29F7A256C823700580990 /* SignUpVc */,
			);
			path = Controllers;
			sourceTree = "<group>";
		};
		61B29117256B36C4006D13D1 /* Reg */ = {
			isa = PBXGroup;
			children = (
				61B29118256B36F1006D13D1 /* AuthiewController.swift */,
				61A29FC5256C951300580990 /* Controllers */,
				61A29F73256C69EB00580990 /* ViewModel */,
				61A29F72256C69D300580990 /* Cell */,
			);
			path = Reg;
			sourceTree = "<group>";
		};
		61B38BF82592D37F00D75702 /* Salary */ = {
			isa = PBXGroup;
			children = (
				61B38BF12592D37900D75702 /* SalaryViewController.swift */,
				61B38BF22592D37900D75702 /* SalaryViewController.xib */,
			);
			path = Salary;
			sourceTree = "<group>";
		};
		61C54638258AA07F007E0E4D /* AddCityDetail */ = {
			isa = PBXGroup;
			children = (
				61C5462E258A744E007E0E4D /* CityModel.swift */,
				61C54633258AA069007E0E4D /* CityDetailViewController.swift */,
				61C5463E258AA6C1007E0E4D /* CityDetailViewController + Extension.swift */,
				61C5464B258AAB1C007E0E4D /* CityDetilViewModel.swift */,
			);
			path = AddCityDetail;
			sourceTree = "<group>";
		};
		61D695F9257D7B9100326B53 /* Model */ = {
			isa = PBXGroup;
			children = (
				61D695EF257D7A3700326B53 /* UserModel.swift */,
				61D695F4257D7ADE00326B53 /* AddResumeModel.swift */,
				612377D625867C99003EAAFE /* ChildModel.swift */,
				6110A658259389F90039C1AD /* CreatResumeModel.swift */,
			);
			path = Model;
			sourceTree = "<group>";
		};
		61D695FD257D842100326B53 /* Model */ = {
			isa = PBXGroup;
			children = (
				61D695FE257D844200326B53 /* UserInfoModel.swift */,
			);
			path = Model;
			sourceTree = "<group>";
		};
		61D696182582F30800326B53 /* Firebase */ = {
			isa = PBXGroup;
			children = (
				61D6960E25801DA200326B53 /* FirebaseSet.swift */,
				61A415902583A30100F2945D /* FirebaseSetAuth.swift */,
				61D696132582F1DC00326B53 /* ChildEnum.swift */,
			);
			path = Firebase;
			sourceTree = "<group>";
		};
		61FC639B259257A10056E04A /* Detail */ = {
			isa = PBXGroup;
			children = (
				61D3B9072591726600AD1585 /* CityViewController.swift */,
				61B38BFC2592ECDA00D75702 /* EuducationViewController.swift */,
				61B38C0A2592F4E200D75702 /* WorkExperienceViewController.swift */,
				61C54643258AA85A007E0E4D /* CreatResumeDetailTableViewCell.swift */,
				61B38BF82592D37F00D75702 /* Salary */,
				61C54638258AA07F007E0E4D /* AddCityDetail */,
			);
			path = Detail;
			sourceTree = "<group>";
		};
/* End PBXGroup section */

/* Begin PBXNativeTarget section */
		612B9332256B20DF009DBCBF /* JobVar */ = {
			isa = PBXNativeTarget;
			buildConfigurationList = 612B935D256B20E2009DBCBF /* Build configuration list for PBXNativeTarget "JobVar" */;
			buildPhases = (
				9F73DB9DDD07324BE4DB474D /* [CP] Check Pods Manifest.lock */,
				612B932F256B20DF009DBCBF /* Sources */,
				612B9330256B20DF009DBCBF /* Frameworks */,
				612B9331256B20DF009DBCBF /* Resources */,
				56E24E5941E809C719149BA0 /* [CP] Embed Pods Frameworks */,
			);
			buildRules = (
			);
			dependencies = (
			);
			name = JobVar;
			productName = JobVar;
			productReference = 612B9333256B20E0009DBCBF /* JobVar.app */;
			productType = "com.apple.product-type.application";
		};
		612B9348256B20E2009DBCBF /* JobVarTests */ = {
			isa = PBXNativeTarget;
			buildConfigurationList = 612B9360256B20E2009DBCBF /* Build configuration list for PBXNativeTarget "JobVarTests" */;
			buildPhases = (
				612B9345256B20E2009DBCBF /* Sources */,
				612B9346256B20E2009DBCBF /* Frameworks */,
				612B9347256B20E2009DBCBF /* Resources */,
			);
			buildRules = (
			);
			dependencies = (
				612B934B256B20E2009DBCBF /* PBXTargetDependency */,
			);
			name = JobVarTests;
			productName = JobVarTests;
			productReference = 612B9349256B20E2009DBCBF /* JobVarTests.xctest */;
			productType = "com.apple.product-type.bundle.unit-test";
		};
		612B9353256B20E2009DBCBF /* JobVarUITests */ = {
			isa = PBXNativeTarget;
			buildConfigurationList = 612B9363256B20E2009DBCBF /* Build configuration list for PBXNativeTarget "JobVarUITests" */;
			buildPhases = (
				612B9350256B20E2009DBCBF /* Sources */,
				612B9351256B20E2009DBCBF /* Frameworks */,
				612B9352256B20E2009DBCBF /* Resources */,
			);
			buildRules = (
			);
			dependencies = (
				612B9356256B20E2009DBCBF /* PBXTargetDependency */,
			);
			name = JobVarUITests;
			productName = JobVarUITests;
			productReference = 612B9354256B20E2009DBCBF /* JobVarUITests.xctest */;
			productType = "com.apple.product-type.bundle.ui-testing";
		};
/* End PBXNativeTarget section */

/* Begin PBXProject section */
		612B932B256B20DF009DBCBF /* Project object */ = {
			isa = PBXProject;
			attributes = {
				LastSwiftUpdateCheck = 1220;
				LastUpgradeCheck = 1220;
				TargetAttributes = {
					612B9332256B20DF009DBCBF = {
						CreatedOnToolsVersion = 12.2;
					};
					612B9348256B20E2009DBCBF = {
						CreatedOnToolsVersion = 12.2;
						TestTargetID = 612B9332256B20DF009DBCBF;
					};
					612B9353256B20E2009DBCBF = {
						CreatedOnToolsVersion = 12.2;
						TestTargetID = 612B9332256B20DF009DBCBF;
					};
				};
			};
			buildConfigurationList = 612B932E256B20DF009DBCBF /* Build configuration list for PBXProject "JobVar" */;
			compatibilityVersion = "Xcode 9.3";
			developmentRegion = en;
			hasScannedForEncodings = 0;
			knownRegions = (
				en,
				Base,
			);
			mainGroup = 612B932A256B20DF009DBCBF;
			productRefGroup = 612B9334256B20E0009DBCBF /* Products */;
			projectDirPath = "";
			projectRoot = "";
			targets = (
				612B9332256B20DF009DBCBF /* JobVar */,
				612B9348256B20E2009DBCBF /* JobVarTests */,
				612B9353256B20E2009DBCBF /* JobVarUITests */,
			);
		};
/* End PBXProject section */

/* Begin PBXResourcesBuildPhase section */
		612B9331256B20DF009DBCBF /* Resources */ = {
			isa = PBXResourcesBuildPhase;
			buildActionMask = 2147483647;
			files = (
				6110A66D25938BEC0039C1AD /* CreatResumeModel.json in Resources */,
				61B38BF42592D37900D75702 /* SalaryViewController.xib in Resources */,
				6127E6DF25D5E95F00AD7FE8 /* DetailTableViewCellTest.xib in Resources */,
				612B9343256B20E2009DBCBF /* LaunchScreen.storyboard in Resources */,
				612B9340256B20E2009DBCBF /* Assets.xcassets in Resources */,
				61B29121256B3D19006D13D1 /* GoogleService-Info.plist in Resources */,
			);
			runOnlyForDeploymentPostprocessing = 0;
		};
		612B9347256B20E2009DBCBF /* Resources */ = {
			isa = PBXResourcesBuildPhase;
			buildActionMask = 2147483647;
			files = (
			);
			runOnlyForDeploymentPostprocessing = 0;
		};
		612B9352256B20E2009DBCBF /* Resources */ = {
			isa = PBXResourcesBuildPhase;
			buildActionMask = 2147483647;
			files = (
			);
			runOnlyForDeploymentPostprocessing = 0;
		};
/* End PBXResourcesBuildPhase section */

/* Begin PBXShellScriptBuildPhase section */
		56E24E5941E809C719149BA0 /* [CP] Embed Pods Frameworks */ = {
			isa = PBXShellScriptBuildPhase;
			buildActionMask = 2147483647;
			files = (
			);
			inputFileListPaths = (
				"${PODS_ROOT}/Target Support Files/Pods-JobVar/Pods-JobVar-frameworks-${CONFIGURATION}-input-files.xcfilelist",
			);
			name = "[CP] Embed Pods Frameworks";
			outputFileListPaths = (
				"${PODS_ROOT}/Target Support Files/Pods-JobVar/Pods-JobVar-frameworks-${CONFIGURATION}-output-files.xcfilelist",
			);
			runOnlyForDeploymentPostprocessing = 0;
			shellPath = /bin/sh;
			shellScript = "\"${PODS_ROOT}/Target Support Files/Pods-JobVar/Pods-JobVar-frameworks.sh\"\n";
			showEnvVarsInLog = 0;
		};
		9F73DB9DDD07324BE4DB474D /* [CP] Check Pods Manifest.lock */ = {
			isa = PBXShellScriptBuildPhase;
			buildActionMask = 2147483647;
			files = (
			);
			inputFileListPaths = (
			);
			inputPaths = (
				"${PODS_PODFILE_DIR_PATH}/Podfile.lock",
				"${PODS_ROOT}/Manifest.lock",
			);
			name = "[CP] Check Pods Manifest.lock";
			outputFileListPaths = (
			);
			outputPaths = (
				"$(DERIVED_FILE_DIR)/Pods-JobVar-checkManifestLockResult.txt",
			);
			runOnlyForDeploymentPostprocessing = 0;
			shellPath = /bin/sh;
			shellScript = "diff \"${PODS_PODFILE_DIR_PATH}/Podfile.lock\" \"${PODS_ROOT}/Manifest.lock\" > /dev/null\nif [ $? != 0 ] ; then\n    # print error to STDERR\n    echo \"error: The sandbox is not in sync with the Podfile.lock. Run 'pod install' or update your CocoaPods installation.\" >&2\n    exit 1\nfi\n# This output is used by Xcode 'outputs' to avoid re-running this script phase.\necho \"SUCCESS\" > \"${SCRIPT_OUTPUT_FILE_0}\"\n";
			showEnvVarsInLog = 0;
		};
/* End PBXShellScriptBuildPhase section */

/* Begin PBXSourcesBuildPhase section */
		612B932F256B20DF009DBCBF /* Sources */ = {
			isa = PBXSourcesBuildPhase;
			buildActionMask = 2147483647;
			files = (
				612B9443256B296A009DBCBF /* JobVacancyViewModel.swift in Sources */,
				612B943E256B294A009DBCBF /* JobVacancyViewController + Extension.swift in Sources */,
				6186437425A1D6C200AB6235 /* FilterMainVCTableViewCell.swift in Sources */,
				612B93B6256B2513009DBCBF /* DetailViewController.swift in Sources */,
				61C54634258AA06A007E0E4D /* CityDetailViewController.swift in Sources */,
				612B9478256B2B56009DBCBF /* FavoritesDetailViewController.swift in Sources */,
				61D695FF257D844200326B53 /* UserInfoModel.swift in Sources */,
				612B94C8256B2D97009DBCBF /* UserTableViewCell.swift in Sources */,
				61A415912583A30100F2945D /* FirebaseSetAuth.swift in Sources */,
				612B93AB256B24A7009DBCBF /* MainTableViewCell.swift in Sources */,
				612B93ED256B2716009DBCBF /* PreciselyCreatResumeViewController.swift in Sources */,
				61D3B9082591726600AD1585 /* CityViewController.swift in Sources */,
				61A29FB6256C93B500580990 /* ChoiceViewModel.swift in Sources */,
				612B9452256B29FD009DBCBF /* IshAxtaranlarViewController.swift in Sources */,
				612B948E256B2BAB009DBCBF /* FavoritesDetailViewModel.swift in Sources */,
				612B9457256B2A1C009DBCBF /* IshAxtaranlarViewController + Extension.swift in Sources */,
				61A29F6E256C69C500580990 /* LogInTableViewCell.swift in Sources */,
				61A29FA5256C92CA00580990 /* ChoiceViewController.swift in Sources */,
				612B9376256B2327009DBCBF /* AssemblyModuleBuilder.swift in Sources */,
				612B93F2256B2725009DBCBF /* PreciselyCreatResumeViewController + Extension.swift in Sources */,
				612B9462256B2A5C009DBCBF /* JobSeekersTableViewCell.swift in Sources */,
				612B946D256B2B0D009DBCBF /* FavoritesViewController.swift in Sources */,
				612B94D0256B2DB3009DBCBF /* UserSettingTableViewCell.swift in Sources */,
				61C5462F258A744E007E0E4D /* CityModel.swift in Sources */,
				613B04192576895A0029EB2C /* Comment.swift in Sources */,
				61B38BF32592D37900D75702 /* SalaryViewController.swift in Sources */,
				6127E6DE25D5E95F00AD7FE8 /* DetailTableViewCellTest.swift in Sources */,
				61A29F7C256C826200580990 /* SignUpViewController.swift in Sources */,
				612B9370256B22DE009DBCBF /* Router.swift in Sources */,
				612B93DB256B2688009DBCBF /* CreateResumeViewController.swift in Sources */,
				61C5463F258AA6C1007E0E4D /* CityDetailViewController + Extension.swift in Sources */,
				612B94B7256B2D22009DBCBF /* UserSettingViewController + Extension.swift in Sources */,
				612B9403256B27C1009DBCBF /* CreatResumeTargetViewController + Extension.swift in Sources */,
				6186436F25A1D6A000AB6235 /* MainFilterViewController.swift in Sources */,
				61B29119256B36F1006D13D1 /* AuthiewController.swift in Sources */,
				613B0411257689340029EB2C /* NetworkService.swift in Sources */,
				61A29F86256C842000580990 /* SignUpViewModel.swift in Sources */,
				61A29F5F256C679A00580990 /* LogInViewController.swift in Sources */,
				612B9414256B2833009DBCBF /* PreciselyCreatResumeViewModel.swift in Sources */,
				612B9436256B2932009DBCBF /* JobVacancyViewController.swift in Sources */,
				612B9419256B285E009DBCBF /* CreatResumeTargetViewModel.swift in Sources */,
				61A29F64256C67BB00580990 /* LogInViewController + Extension.swift in Sources */,
				612B93BB256B2540009DBCBF /* DetailViewController + Extension.swift in Sources */,
				612B9472256B2B25009DBCBF /* FavoritesViewController + Extension.swift in Sources */,
				612B94BD256B2D4D009DBCBF /* UserViewModel.swift in Sources */,
				61A29F69256C67E100580990 /* LogInViewModel.swift in Sources */,
				612B94B2256B2D0E009DBCBF /* UserSettingViewController.swift in Sources */,
				61A29F81256C827600580990 /* SignUpViewController + Etension.swift in Sources */,
				61D695F5257D7ADE00326B53 /* AddResumeModel.swift in Sources */,
				612B9337256B20E0009DBCBF /* AppDelegate.swift in Sources */,
				612B938E256B23E7009DBCBF /* CustomTabbarViewController.swift in Sources */,
				612B93A5256B247F009DBCBF /* MainViewModel.swift in Sources */,
				612377D725867C99003EAAFE /* ChildModel.swift in Sources */,
				612B93FE256B2793009DBCBF /* CreatResumeTargetViewController.swift in Sources */,
				61D695F0257D7A3700326B53 /* UserModel.swift in Sources */,
				612B93B0256B24DF009DBCBF /* MainCollectionViewCell.swift in Sources */,
				612B940C256B2819009DBCBF /* CreateResumeViewModel.swift in Sources */,
				612B942B256B28B8009DBCBF /* CreateResumeTableViewCell.swift in Sources */,
				612B93C6256B2583009DBCBF /* DetailTableViewCell.swift in Sources */,
				61B38BFD2592ECDA00D75702 /* EuducationViewController.swift in Sources */,
				612B945C256B2A33009DBCBF /* IshAxtaranlarViewModel.swift in Sources */,
				612B9382256B236C009DBCBF /* FeedResponSe.swift in Sources */,
				612B9339256B20E0009DBCBF /* SceneDelegate.swift in Sources */,
				61A29FCD256D733D00580990 /* AuthRouter.swift in Sources */,
				612B9494256B2C27009DBCBF /* FavoritesTableViewCell.swift in Sources */,
				612B9449256B2993009DBCBF /* JobVacancyTableViewCell.swift in Sources */,
				612B9480256B2B70009DBCBF /* FavoritesDetailViewController + Extension.swift in Sources */,
				61275F4825C871D500D4E6BA /* UserAddCityViewController.swift in Sources */,
				612B93A0256B2459009DBCBF /* MainViewController + Extension.swift in Sources */,
				61C54644258AA85A007E0E4D /* CreatResumeDetailTableViewCell.swift in Sources */,
				612B94C2256B2D5A009DBCBF /* UserSettingViewModel.swift in Sources */,
				61D6960F25801DA200326B53 /* FirebaseSet.swift in Sources */,
				61C54654258AB718007E0E4D /* SetData.swift in Sources */,
				612B941F256B288B009DBCBF /* PreciselyCreatResumeTableViewCell.swift in Sources */,
				612B9486256B2B95009DBCBF /* FavoritesViewModel.swift in Sources */,
				6110A659259389F90039C1AD /* CreatResumeModel.swift in Sources */,
				61D696142582F1DC00326B53 /* ChildEnum.swift in Sources */,
				61A29FB1256C932300580990 /* ChoiceViewController + Extension.swift in Sources */,
				612B9430256B28D6009DBCBF /* TargetCreatResumeTableViewCell.swift in Sources */,
				61A29F9A256C8EEF00580990 /* SignUpTableViewCell.swift in Sources */,
				612B93C0256B2559009DBCBF /* DetailViewModel.swift in Sources */,
				612B949C256B2C3D009DBCBF /* FavoritesDetailTableViewCell.swift in Sources */,
				61C5464C258AAB1C007E0E4D /* CityDetilViewModel.swift in Sources */,
				612B93CF256B2654009DBCBF /* KateqoryModel.swift in Sources */,
				61B38C0B2592F4E200D75702 /* WorkExperienceViewController.swift in Sources */,
				612B94A4256B2CB6009DBCBF /* UserViewController.swift in Sources */,
				612B9398256B2439009DBCBF /* MainViewController.swift in Sources */,
				612B93E0256B2693009DBCBF /* CreateResumeViewController + Extension.swift in Sources */,
				612B94AC256B2CCF009DBCBF /* UserViewController + Extension.swift in Sources */,
			);
			runOnlyForDeploymentPostprocessing = 0;
		};
		612B9345256B20E2009DBCBF /* Sources */ = {
			isa = PBXSourcesBuildPhase;
			buildActionMask = 2147483647;
			files = (
				612B934E256B20E2009DBCBF /* JobVarTests.swift in Sources */,
			);
			runOnlyForDeploymentPostprocessing = 0;
		};
		612B9350256B20E2009DBCBF /* Sources */ = {
			isa = PBXSourcesBuildPhase;
			buildActionMask = 2147483647;
			files = (
				612B9359256B20E2009DBCBF /* JobVarUITests.swift in Sources */,
			);
			runOnlyForDeploymentPostprocessing = 0;
		};
/* End PBXSourcesBuildPhase section */

/* Begin PBXTargetDependency section */
		612B934B256B20E2009DBCBF /* PBXTargetDependency */ = {
			isa = PBXTargetDependency;
			target = 612B9332256B20DF009DBCBF /* JobVar */;
			targetProxy = 612B934A256B20E2009DBCBF /* PBXContainerItemProxy */;
		};
		612B9356256B20E2009DBCBF /* PBXTargetDependency */ = {
			isa = PBXTargetDependency;
			target = 612B9332256B20DF009DBCBF /* JobVar */;
			targetProxy = 612B9355256B20E2009DBCBF /* PBXContainerItemProxy */;
		};
/* End PBXTargetDependency section */

/* Begin PBXVariantGroup section */
		612B9341256B20E2009DBCBF /* LaunchScreen.storyboard */ = {
			isa = PBXVariantGroup;
			children = (
				612B9342256B20E2009DBCBF /* Base */,
			);
			name = LaunchScreen.storyboard;
			sourceTree = "<group>";
		};
/* End PBXVariantGroup section */

/* Begin XCBuildConfiguration section */
		612B935B256B20E2009DBCBF /* Debug */ = {
			isa = XCBuildConfiguration;
			buildSettings = {
				ALWAYS_SEARCH_USER_PATHS = NO;
				CLANG_ANALYZER_NONNULL = YES;
				CLANG_ANALYZER_NUMBER_OBJECT_CONVERSION = YES_AGGRESSIVE;
				CLANG_CXX_LANGUAGE_STANDARD = "gnu++14";
				CLANG_CXX_LIBRARY = "libc++";
				CLANG_ENABLE_MODULES = YES;
				CLANG_ENABLE_OBJC_ARC = YES;
				CLANG_ENABLE_OBJC_WEAK = YES;
				CLANG_WARN_BLOCK_CAPTURE_AUTORELEASING = YES;
				CLANG_WARN_BOOL_CONVERSION = YES;
				CLANG_WARN_COMMA = YES;
				CLANG_WARN_CONSTANT_CONVERSION = YES;
				CLANG_WARN_DEPRECATED_OBJC_IMPLEMENTATIONS = YES;
				CLANG_WARN_DIRECT_OBJC_ISA_USAGE = YES_ERROR;
				CLANG_WARN_DOCUMENTATION_COMMENTS = YES;
				CLANG_WARN_EMPTY_BODY = YES;
				CLANG_WARN_ENUM_CONVERSION = YES;
				CLANG_WARN_INFINITE_RECURSION = YES;
				CLANG_WARN_INT_CONVERSION = YES;
				CLANG_WARN_NON_LITERAL_NULL_CONVERSION = YES;
				CLANG_WARN_OBJC_IMPLICIT_RETAIN_SELF = YES;
				CLANG_WARN_OBJC_LITERAL_CONVERSION = YES;
				CLANG_WARN_OBJC_ROOT_CLASS = YES_ERROR;
				CLANG_WARN_QUOTED_INCLUDE_IN_FRAMEWORK_HEADER = YES;
				CLANG_WARN_RANGE_LOOP_ANALYSIS = YES;
				CLANG_WARN_STRICT_PROTOTYPES = YES;
				CLANG_WARN_SUSPICIOUS_MOVE = YES;
				CLANG_WARN_UNGUARDED_AVAILABILITY = YES_AGGRESSIVE;
				CLANG_WARN_UNREACHABLE_CODE = YES;
				CLANG_WARN__DUPLICATE_METHOD_MATCH = YES;
				COPY_PHASE_STRIP = NO;
				DEBUG_INFORMATION_FORMAT = dwarf;
				ENABLE_STRICT_OBJC_MSGSEND = YES;
				ENABLE_TESTABILITY = YES;
				GCC_C_LANGUAGE_STANDARD = gnu11;
				GCC_DYNAMIC_NO_PIC = NO;
				GCC_NO_COMMON_BLOCKS = YES;
				GCC_OPTIMIZATION_LEVEL = 0;
				GCC_PREPROCESSOR_DEFINITIONS = (
					"DEBUG=1",
					"$(inherited)",
				);
				GCC_WARN_64_TO_32_BIT_CONVERSION = YES;
				GCC_WARN_ABOUT_RETURN_TYPE = YES_ERROR;
				GCC_WARN_UNDECLARED_SELECTOR = YES;
				GCC_WARN_UNINITIALIZED_AUTOS = YES_AGGRESSIVE;
				GCC_WARN_UNUSED_FUNCTION = YES;
				GCC_WARN_UNUSED_VARIABLE = YES;
				IPHONEOS_DEPLOYMENT_TARGET = 14.2;
				MTL_ENABLE_DEBUG_INFO = INCLUDE_SOURCE;
				MTL_FAST_MATH = YES;
				ONLY_ACTIVE_ARCH = YES;
				SDKROOT = iphoneos;
				SWIFT_ACTIVE_COMPILATION_CONDITIONS = DEBUG;
				SWIFT_OPTIMIZATION_LEVEL = "-Onone";
			};
			name = Debug;
		};
		612B935C256B20E2009DBCBF /* Release */ = {
			isa = XCBuildConfiguration;
			buildSettings = {
				ALWAYS_SEARCH_USER_PATHS = NO;
				CLANG_ANALYZER_NONNULL = YES;
				CLANG_ANALYZER_NUMBER_OBJECT_CONVERSION = YES_AGGRESSIVE;
				CLANG_CXX_LANGUAGE_STANDARD = "gnu++14";
				CLANG_CXX_LIBRARY = "libc++";
				CLANG_ENABLE_MODULES = YES;
				CLANG_ENABLE_OBJC_ARC = YES;
				CLANG_ENABLE_OBJC_WEAK = YES;
				CLANG_WARN_BLOCK_CAPTURE_AUTORELEASING = YES;
				CLANG_WARN_BOOL_CONVERSION = YES;
				CLANG_WARN_COMMA = YES;
				CLANG_WARN_CONSTANT_CONVERSION = YES;
				CLANG_WARN_DEPRECATED_OBJC_IMPLEMENTATIONS = YES;
				CLANG_WARN_DIRECT_OBJC_ISA_USAGE = YES_ERROR;
				CLANG_WARN_DOCUMENTATION_COMMENTS = YES;
				CLANG_WARN_EMPTY_BODY = YES;
				CLANG_WARN_ENUM_CONVERSION = YES;
				CLANG_WARN_INFINITE_RECURSION = YES;
				CLANG_WARN_INT_CONVERSION = YES;
				CLANG_WARN_NON_LITERAL_NULL_CONVERSION = YES;
				CLANG_WARN_OBJC_IMPLICIT_RETAIN_SELF = YES;
				CLANG_WARN_OBJC_LITERAL_CONVERSION = YES;
				CLANG_WARN_OBJC_ROOT_CLASS = YES_ERROR;
				CLANG_WARN_QUOTED_INCLUDE_IN_FRAMEWORK_HEADER = YES;
				CLANG_WARN_RANGE_LOOP_ANALYSIS = YES;
				CLANG_WARN_STRICT_PROTOTYPES = YES;
				CLANG_WARN_SUSPICIOUS_MOVE = YES;
				CLANG_WARN_UNGUARDED_AVAILABILITY = YES_AGGRESSIVE;
				CLANG_WARN_UNREACHABLE_CODE = YES;
				CLANG_WARN__DUPLICATE_METHOD_MATCH = YES;
				COPY_PHASE_STRIP = NO;
				DEBUG_INFORMATION_FORMAT = "dwarf-with-dsym";
				ENABLE_NS_ASSERTIONS = NO;
				ENABLE_STRICT_OBJC_MSGSEND = YES;
				GCC_C_LANGUAGE_STANDARD = gnu11;
				GCC_NO_COMMON_BLOCKS = YES;
				GCC_WARN_64_TO_32_BIT_CONVERSION = YES;
				GCC_WARN_ABOUT_RETURN_TYPE = YES_ERROR;
				GCC_WARN_UNDECLARED_SELECTOR = YES;
				GCC_WARN_UNINITIALIZED_AUTOS = YES_AGGRESSIVE;
				GCC_WARN_UNUSED_FUNCTION = YES;
				GCC_WARN_UNUSED_VARIABLE = YES;
				IPHONEOS_DEPLOYMENT_TARGET = 14.2;
				MTL_ENABLE_DEBUG_INFO = NO;
				MTL_FAST_MATH = YES;
				SDKROOT = iphoneos;
				SWIFT_COMPILATION_MODE = wholemodule;
				SWIFT_OPTIMIZATION_LEVEL = "-O";
				VALIDATE_PRODUCT = YES;
			};
			name = Release;
		};
		612B935E256B20E2009DBCBF /* Debug */ = {
			isa = XCBuildConfiguration;
			baseConfigurationReference = BE7B914EEDD3D501CC3A6564 /* Pods-JobVar.debug.xcconfig */;
			buildSettings = {
				ASSETCATALOG_COMPILER_APPICON_NAME = AppIcon;
				ASSETCATALOG_COMPILER_GLOBAL_ACCENT_COLOR_NAME = AccentColor;
				CODE_SIGN_STYLE = Automatic;
				DEVELOPMENT_TEAM = 73HJ76FZZD;
				INFOPLIST_FILE = JobVar/Info.plist;
				IPHONEOS_DEPLOYMENT_TARGET = 11.0;
				LD_RUNPATH_SEARCH_PATHS = (
					"$(inherited)",
					"@executable_path/Frameworks",
				);
				PRODUCT_BUNDLE_IDENTIFIER = HM.JobVar;
				PRODUCT_NAME = "$(TARGET_NAME)";
				SWIFT_VERSION = 5.0;
				TARGETED_DEVICE_FAMILY = 1;
			};
			name = Debug;
		};
		612B935F256B20E2009DBCBF /* Release */ = {
			isa = XCBuildConfiguration;
			baseConfigurationReference = BF1C1A646EB9B46F0867170E /* Pods-JobVar.release.xcconfig */;
			buildSettings = {
				ASSETCATALOG_COMPILER_APPICON_NAME = AppIcon;
				ASSETCATALOG_COMPILER_GLOBAL_ACCENT_COLOR_NAME = AccentColor;
				CODE_SIGN_STYLE = Automatic;
				DEVELOPMENT_TEAM = 73HJ76FZZD;
				INFOPLIST_FILE = JobVar/Info.plist;
				IPHONEOS_DEPLOYMENT_TARGET = 11.0;
				LD_RUNPATH_SEARCH_PATHS = (
					"$(inherited)",
					"@executable_path/Frameworks",
				);
				PRODUCT_BUNDLE_IDENTIFIER = HM.JobVar;
				PRODUCT_NAME = "$(TARGET_NAME)";
				SWIFT_VERSION = 5.0;
				TARGETED_DEVICE_FAMILY = 1;
			};
			name = Release;
		};
		612B9361256B20E2009DBCBF /* Debug */ = {
			isa = XCBuildConfiguration;
			buildSettings = {
				ALWAYS_EMBED_SWIFT_STANDARD_LIBRARIES = YES;
				BUNDLE_LOADER = "$(TEST_HOST)";
				CODE_SIGN_STYLE = Automatic;
				DEVELOPMENT_TEAM = 73HJ76FZZD;
				INFOPLIST_FILE = JobVarTests/Info.plist;
				IPHONEOS_DEPLOYMENT_TARGET = 14.2;
				LD_RUNPATH_SEARCH_PATHS = (
					"$(inherited)",
					"@executable_path/Frameworks",
					"@loader_path/Frameworks",
				);
				PRODUCT_BUNDLE_IDENTIFIER = HM.JobVarTests;
				PRODUCT_NAME = "$(TARGET_NAME)";
				SWIFT_VERSION = 5.0;
				TARGETED_DEVICE_FAMILY = "1,2";
				TEST_HOST = "$(BUILT_PRODUCTS_DIR)/JobVar.app/JobVar";
			};
			name = Debug;
		};
		612B9362256B20E2009DBCBF /* Release */ = {
			isa = XCBuildConfiguration;
			buildSettings = {
				ALWAYS_EMBED_SWIFT_STANDARD_LIBRARIES = YES;
				BUNDLE_LOADER = "$(TEST_HOST)";
				CODE_SIGN_STYLE = Automatic;
				DEVELOPMENT_TEAM = 73HJ76FZZD;
				INFOPLIST_FILE = JobVarTests/Info.plist;
				IPHONEOS_DEPLOYMENT_TARGET = 14.2;
				LD_RUNPATH_SEARCH_PATHS = (
					"$(inherited)",
					"@executable_path/Frameworks",
					"@loader_path/Frameworks",
				);
				PRODUCT_BUNDLE_IDENTIFIER = HM.JobVarTests;
				PRODUCT_NAME = "$(TARGET_NAME)";
				SWIFT_VERSION = 5.0;
				TARGETED_DEVICE_FAMILY = "1,2";
				TEST_HOST = "$(BUILT_PRODUCTS_DIR)/JobVar.app/JobVar";
			};
			name = Release;
		};
		612B9364256B20E2009DBCBF /* Debug */ = {
			isa = XCBuildConfiguration;
			buildSettings = {
				ALWAYS_EMBED_SWIFT_STANDARD_LIBRARIES = YES;
				CODE_SIGN_STYLE = Automatic;
				DEVELOPMENT_TEAM = 73HJ76FZZD;
				INFOPLIST_FILE = JobVarUITests/Info.plist;
				LD_RUNPATH_SEARCH_PATHS = (
					"$(inherited)",
					"@executable_path/Frameworks",
					"@loader_path/Frameworks",
				);
				PRODUCT_BUNDLE_IDENTIFIER = HM.JobVarUITests;
				PRODUCT_NAME = "$(TARGET_NAME)";
				SWIFT_VERSION = 5.0;
				TARGETED_DEVICE_FAMILY = "1,2";
				TEST_TARGET_NAME = JobVar;
			};
			name = Debug;
		};
		612B9365256B20E2009DBCBF /* Release */ = {
			isa = XCBuildConfiguration;
			buildSettings = {
				ALWAYS_EMBED_SWIFT_STANDARD_LIBRARIES = YES;
				CODE_SIGN_STYLE = Automatic;
				DEVELOPMENT_TEAM = 73HJ76FZZD;
				INFOPLIST_FILE = JobVarUITests/Info.plist;
				LD_RUNPATH_SEARCH_PATHS = (
					"$(inherited)",
					"@executable_path/Frameworks",
					"@loader_path/Frameworks",
				);
				PRODUCT_BUNDLE_IDENTIFIER = HM.JobVarUITests;
				PRODUCT_NAME = "$(TARGET_NAME)";
				SWIFT_VERSION = 5.0;
				TARGETED_DEVICE_FAMILY = "1,2";
				TEST_TARGET_NAME = JobVar;
			};
			name = Release;
		};
/* End XCBuildConfiguration section */

/* Begin XCConfigurationList section */
		612B932E256B20DF009DBCBF /* Build configuration list for PBXProject "JobVar" */ = {
			isa = XCConfigurationList;
			buildConfigurations = (
				612B935B256B20E2009DBCBF /* Debug */,
				612B935C256B20E2009DBCBF /* Release */,
			);
			defaultConfigurationIsVisible = 0;
			defaultConfigurationName = Release;
		};
		612B935D256B20E2009DBCBF /* Build configuration list for PBXNativeTarget "JobVar" */ = {
			isa = XCConfigurationList;
			buildConfigurations = (
				612B935E256B20E2009DBCBF /* Debug */,
				612B935F256B20E2009DBCBF /* Release */,
			);
			defaultConfigurationIsVisible = 0;
			defaultConfigurationName = Release;
		};
		612B9360256B20E2009DBCBF /* Build configuration list for PBXNativeTarget "JobVarTests" */ = {
			isa = XCConfigurationList;
			buildConfigurations = (
				612B9361256B20E2009DBCBF /* Debug */,
				612B9362256B20E2009DBCBF /* Release */,
			);
			defaultConfigurationIsVisible = 0;
			defaultConfigurationName = Release;
		};
		612B9363256B20E2009DBCBF /* Build configuration list for PBXNativeTarget "JobVarUITests" */ = {
			isa = XCConfigurationList;
			buildConfigurations = (
				612B9364256B20E2009DBCBF /* Debug */,
				612B9365256B20E2009DBCBF /* Release */,
			);
			defaultConfigurationIsVisible = 0;
			defaultConfigurationName = Release;
		};
/* End XCConfigurationList section */
	};
	rootObject = 612B932B256B20DF009DBCBF /* Project object */;
}
